// !$*UTF8*$!
{
	archiveVersion = 1;
	classes = {
	};
	objectVersion = 50;
	objects = {

/* Begin PBXBuildFile section */
		1FFA589525EE9B2600B512D9 /* AppDelegate.swift in Sources */ = {isa = PBXBuildFile; fileRef = 1FFA589425EE9B2600B512D9 /* AppDelegate.swift */; };
		1FFA589725EE9B2600B512D9 /* SceneDelegate.swift in Sources */ = {isa = PBXBuildFile; fileRef = 1FFA589625EE9B2600B512D9 /* SceneDelegate.swift */; };
		1FFA589925EE9B2600B512D9 /* ViewController.swift in Sources */ = {isa = PBXBuildFile; fileRef = 1FFA589825EE9B2600B512D9 /* ViewController.swift */; };
		1FFA589C25EE9B2600B512D9 /* Main.storyboard in Resources */ = {isa = PBXBuildFile; fileRef = 1FFA589A25EE9B2600B512D9 /* Main.storyboard */; };
		1FFA589E25EE9B2900B512D9 /* Assets.xcassets in Resources */ = {isa = PBXBuildFile; fileRef = 1FFA589D25EE9B2900B512D9 /* Assets.xcassets */; };
		1FFA58A125EE9B2900B512D9 /* LaunchScreen.storyboard in Resources */ = {isa = PBXBuildFile; fileRef = 1FFA589F25EE9B2900B512D9 /* LaunchScreen.storyboard */; };
		1FFA58AC25EE9B2A00B512D9 /* simple_notes_appTests.swift in Sources */ = {isa = PBXBuildFile; fileRef = 1FFA58AB25EE9B2A00B512D9 /* simple_notes_appTests.swift */; };
		1FFA58B725EE9B2A00B512D9 /* simple_notes_appUITests.swift in Sources */ = {isa = PBXBuildFile; fileRef = 1FFA58B625EE9B2A00B512D9 /* simple_notes_appUITests.swift */; };
		1FFA58CB25EE9BF200B512D9 /* NoteViewController.swift in Sources */ = {isa = PBXBuildFile; fileRef = 1FFA58CA25EE9BF200B512D9 /* NoteViewController.swift */; };
		1FFA58D025EE9C0B00B512D9 /* EntryViewController.swift in Sources */ = {isa = PBXBuildFile; fileRef = 1FFA58CF25EE9C0B00B512D9 /* EntryViewController.swift */; };
/* End PBXBuildFile section */

/* Begin PBXContainerItemProxy section */
		1FFA58A825EE9B2A00B512D9 /* PBXContainerItemProxy */ = {
			isa = PBXContainerItemProxy;
			containerPortal = 1FFA588925EE9B2600B512D9 /* Project object */;
			proxyType = 1;
			remoteGlobalIDString = 1FFA589025EE9B2600B512D9;
			remoteInfo = simple_notes_app;
		};
		1FFA58B325EE9B2A00B512D9 /* PBXContainerItemProxy */ = {
			isa = PBXContainerItemProxy;
			containerPortal = 1FFA588925EE9B2600B512D9 /* Project object */;
			proxyType = 1;
			remoteGlobalIDString = 1FFA589025EE9B2600B512D9;
			remoteInfo = simple_notes_app;
		};
/* End PBXContainerItemProxy section */

/* Begin PBXFileReference section */
		1FFA589125EE9B2600B512D9 /* simple_notes_app.app */ = {isa = PBXFileReference; explicitFileType = wrapper.application; includeInIndex = 0; path = simple_notes_app.app; sourceTree = BUILT_PRODUCTS_DIR; };
		1FFA589425EE9B2600B512D9 /* AppDelegate.swift */ = {isa = PBXFileReference; lastKnownFileType = sourcecode.swift; path = AppDelegate.swift; sourceTree = "<group>"; };
		1FFA589625EE9B2600B512D9 /* SceneDelegate.swift */ = {isa = PBXFileReference; lastKnownFileType = sourcecode.swift; path = SceneDelegate.swift; sourceTree = "<group>"; };
		1FFA589825EE9B2600B512D9 /* ViewController.swift */ = {isa = PBXFileReference; lastKnownFileType = sourcecode.swift; path = ViewController.swift; sourceTree = "<group>"; };
		1FFA589B25EE9B2600B512D9 /* Base */ = {isa = PBXFileReference; lastKnownFileType = file.storyboard; name = Base; path = Base.lproj/Main.storyboard; sourceTree = "<group>"; };
		1FFA589D25EE9B2900B512D9 /* Assets.xcassets */ = {isa = PBXFileReference; lastKnownFileType = folder.assetcatalog; path = Assets.xcassets; sourceTree = "<group>"; };
		1FFA58A025EE9B2900B512D9 /* Base */ = {isa = PBXFileReference; lastKnownFileType = file.storyboard; name = Base; path = Base.lproj/LaunchScreen.storyboard; sourceTree = "<group>"; };
		1FFA58A225EE9B2900B512D9 /* Info.plist */ = {isa = PBXFileReference; lastKnownFileType = text.plist.xml; path = Info.plist; sourceTree = "<group>"; };
		1FFA58A725EE9B2A00B512D9 /* simple_notes_appTests.xctest */ = {isa = PBXFileReference; explicitFileType = wrapper.cfbundle; includeInIndex = 0; path = simple_notes_appTests.xctest; sourceTree = BUILT_PRODUCTS_DIR; };
		1FFA58AB25EE9B2A00B512D9 /* simple_notes_appTests.swift */ = {isa = PBXFileReference; lastKnownFileType = sourcecode.swift; path = simple_notes_appTests.swift; sourceTree = "<group>"; };
		1FFA58AD25EE9B2A00B512D9 /* Info.plist */ = {isa = PBXFileReference; lastKnownFileType = text.plist.xml; path = Info.plist; sourceTree = "<group>"; };
		1FFA58B225EE9B2A00B512D9 /* simple_notes_appUITests.xctest */ = {isa = PBXFileReference; explicitFileType = wrapper.cfbundle; includeInIndex = 0; path = simple_notes_appUITests.xctest; sourceTree = BUILT_PRODUCTS_DIR; };
		1FFA58B625EE9B2A00B512D9 /* simple_notes_appUITests.swift */ = {isa = PBXFileReference; lastKnownFileType = sourcecode.swift; path = simple_notes_appUITests.swift; sourceTree = "<group>"; };
		1FFA58B825EE9B2A00B512D9 /* Info.plist */ = {isa = PBXFileReference; lastKnownFileType = text.plist.xml; path = Info.plist; sourceTree = "<group>"; };
		1FFA58CA25EE9BF200B512D9 /* NoteViewController.swift */ = {isa = PBXFileReference; lastKnownFileType = sourcecode.swift; path = NoteViewController.swift; sourceTree = "<group>"; };
		1FFA58CF25EE9C0B00B512D9 /* EntryViewController.swift */ = {isa = PBXFileReference; lastKnownFileType = sourcecode.swift; path = EntryViewController.swift; sourceTree = "<group>"; };
/* End PBXFileReference section */

/* Begin PBXFrameworksBuildPhase section */
		1FFA588E25EE9B2600B512D9 /* Frameworks */ = {
			isa = PBXFrameworksBuildPhase;
			buildActionMask = 2147483647;
			files = (
			);
			runOnlyForDeploymentPostprocessing = 0;
		};
		1FFA58A425EE9B2A00B512D9 /* Frameworks */ = {
			isa = PBXFrameworksBuildPhase;
			buildActionMask = 2147483647;
			files = (
			);
			runOnlyForDeploymentPostprocessing = 0;
		};
		1FFA58AF25EE9B2A00B512D9 /* Frameworks */ = {
			isa = PBXFrameworksBuildPhase;
			buildActionMask = 2147483647;
			files = (
			);
			runOnlyForDeploymentPostprocessing = 0;
		};
/* End PBXFrameworksBuildPhase section */

/* Begin PBXGroup section */
		1FFA588825EE9B2600B512D9 = {
			isa = PBXGroup;
			children = (
				1FFA589325EE9B2600B512D9 /* simple_notes_app */,
				1FFA58AA25EE9B2A00B512D9 /* simple_notes_appTests */,
				1FFA58B525EE9B2A00B512D9 /* simple_notes_appUITests */,
				1FFA589225EE9B2600B512D9 /* Products */,
			);
			sourceTree = "<group>";
		};
		1FFA589225EE9B2600B512D9 /* Products */ = {
			isa = PBXGroup;
			children = (
				1FFA589125EE9B2600B512D9 /* simple_notes_app.app */,
				1FFA58A725EE9B2A00B512D9 /* simple_notes_appTests.xctest */,
				1FFA58B225EE9B2A00B512D9 /* simple_notes_appUITests.xctest */,
			);
			name = Products;
			sourceTree = "<group>";
		};
		1FFA589325EE9B2600B512D9 /* simple_notes_app */ = {
			isa = PBXGroup;
			children = (
				1FFA589425EE9B2600B512D9 /* AppDelegate.swift */,
				1FFA589625EE9B2600B512D9 /* SceneDelegate.swift */,
				1FFA589825EE9B2600B512D9 /* ViewController.swift */,
				1FFA589A25EE9B2600B512D9 /* Main.storyboard */,
				1FFA589D25EE9B2900B512D9 /* Assets.xcassets */,
				1FFA589F25EE9B2900B512D9 /* LaunchScreen.storyboard */,
				1FFA58A225EE9B2900B512D9 /* Info.plist */,
				1FFA58CA25EE9BF200B512D9 /* NoteViewController.swift */,
				1FFA58CF25EE9C0B00B512D9 /* EntryViewController.swift */,
			);
			path = simple_notes_app;
			sourceTree = "<group>";
		};
		1FFA58AA25EE9B2A00B512D9 /* simple_notes_appTests */ = {
			isa = PBXGroup;
			children = (
				1FFA58AB25EE9B2A00B512D9 /* simple_notes_appTests.swift */,
				1FFA58AD25EE9B2A00B512D9 /* Info.plist */,
			);
			path = simple_notes_appTests;
			sourceTree = "<group>";
		};
		1FFA58B525EE9B2A00B512D9 /* simple_notes_appUITests */ = {
			isa = PBXGroup;
			children = (
				1FFA58B625EE9B2A00B512D9 /* simple_notes_appUITests.swift */,
				1FFA58B825EE9B2A00B512D9 /* Info.plist */,
			);
			path = simple_notes_appUITests;
			sourceTree = "<group>";
		};
/* End PBXGroup section */

/* Begin PBXNativeTarget section */
		1FFA589025EE9B2600B512D9 /* simple_notes_app */ = {
			isa = PBXNativeTarget;
			buildConfigurationList = 1FFA58BB25EE9B2A00B512D9 /* Build configuration list for PBXNativeTarget "simple_notes_app" */;
			buildPhases = (
				1FFA588D25EE9B2600B512D9 /* Sources */,
				1FFA588E25EE9B2600B512D9 /* Frameworks */,
				1FFA588F25EE9B2600B512D9 /* Resources */,
			);
			buildRules = (
			);
			dependencies = (
			);
			name = simple_notes_app;
			productName = simple_notes_app;
			productReference = 1FFA589125EE9B2600B512D9 /* simple_notes_app.app */;
			productType = "com.apple.product-type.application";
		};
		1FFA58A625EE9B2A00B512D9 /* simple_notes_appTests */ = {
			isa = PBXNativeTarget;
			buildConfigurationList = 1FFA58BE25EE9B2A00B512D9 /* Build configuration list for PBXNativeTarget "simple_notes_appTests" */;
			buildPhases = (
				1FFA58A325EE9B2A00B512D9 /* Sources */,
				1FFA58A425EE9B2A00B512D9 /* Frameworks */,
				1FFA58A525EE9B2A00B512D9 /* Resources */,
			);
			buildRules = (
			);
			dependencies = (
				1FFA58A925EE9B2A00B512D9 /* PBXTargetDependency */,
			);
			name = simple_notes_appTests;
			productName = simple_notes_appTests;
			productReference = 1FFA58A725EE9B2A00B512D9 /* simple_notes_appTests.xctest */;
			productType = "com.apple.product-type.bundle.unit-test";
		};
		1FFA58B125EE9B2A00B512D9 /* simple_notes_appUITests */ = {
			isa = PBXNativeTarget;
			buildConfigurationList = 1FFA58C125EE9B2A00B512D9 /* Build configuration list for PBXNativeTarget "simple_notes_appUITests" */;
			buildPhases = (
				1FFA58AE25EE9B2A00B512D9 /* Sources */,
				1FFA58AF25EE9B2A00B512D9 /* Frameworks */,
				1FFA58B025EE9B2A00B512D9 /* Resources */,
			);
			buildRules = (
			);
			dependencies = (
				1FFA58B425EE9B2A00B512D9 /* PBXTargetDependency */,
			);
			name = simple_notes_appUITests;
			productName = simple_notes_appUITests;
			productReference = 1FFA58B225EE9B2A00B512D9 /* simple_notes_appUITests.xctest */;
			productType = "com.apple.product-type.bundle.ui-testing";
		};
/* End PBXNativeTarget section */

/* Begin PBXProject section */
		1FFA588925EE9B2600B512D9 /* Project object */ = {
			isa = PBXProject;
			attributes = {
				LastSwiftUpdateCheck = 1240;
				LastUpgradeCheck = 1240;
				TargetAttributes = {
					1FFA589025EE9B2600B512D9 = {
						CreatedOnToolsVersion = 12.4;
					};
					1FFA58A625EE9B2A00B512D9 = {
						CreatedOnToolsVersion = 12.4;
						TestTargetID = 1FFA589025EE9B2600B512D9;
					};
					1FFA58B125EE9B2A00B512D9 = {
						CreatedOnToolsVersion = 12.4;
						TestTargetID = 1FFA589025EE9B2600B512D9;
					};
				};
			};
			buildConfigurationList = 1FFA588C25EE9B2600B512D9 /* Build configuration list for PBXProject "simple_notes_app" */;
			compatibilityVersion = "Xcode 9.3";
			developmentRegion = en;
			hasScannedForEncodings = 0;
			knownRegions = (
				en,
				Base,
			);
			mainGroup = 1FFA588825EE9B2600B512D9;
			productRefGroup = 1FFA589225EE9B2600B512D9 /* Products */;
			projectDirPath = "";
			projectRoot = "";
			targets = (
				1FFA589025EE9B2600B512D9 /* simple_notes_app */,
				1FFA58A625EE9B2A00B512D9 /* simple_notes_appTests */,
				1FFA58B125EE9B2A00B512D9 /* simple_notes_appUITests */,
			);
		};
/* End PBXProject section */

/* Begin PBXResourcesBuildPhase section */
		1FFA588F25EE9B2600B512D9 /* Resources */ = {
			isa = PBXResourcesBuildPhase;
			buildActionMask = 2147483647;
			files = (
				1FFA58A125EE9B2900B512D9 /* LaunchScreen.storyboard in Resources */,
				1FFA589E25EE9B2900B512D9 /* Assets.xcassets in Resources */,
				1FFA589C25EE9B2600B512D9 /* Main.storyboard in Resources */,
			);
			runOnlyForDeploymentPostprocessing = 0;
		};
		1FFA58A525EE9B2A00B512D9 /* Resources */ = {
			isa = PBXResourcesBuildPhase;
			buildActionMask = 2147483647;
			files = (
			);
			runOnlyForDeploymentPostprocessing = 0;
		};
		1FFA58B025EE9B2A00B512D9 /* Resources */ = {
			isa = PBXResourcesBuildPhase;
			buildActionMask = 2147483647;
			files = (
			);
			runOnlyForDeploymentPostprocessing = 0;
		};
/* End PBXResourcesBuildPhase section */

/* Begin PBXSourcesBuildPhase section */
		1FFA588D25EE9B2600B512D9 /* Sources */ = {
			isa = PBXSourcesBuildPhase;
			buildActionMask = 2147483647;
			files = (
				1FFA58CB25EE9BF200B512D9 /* NoteViewController.swift in Sources */,
				1FFA58D025EE9C0B00B512D9 /* EntryViewController.swift in Sources */,
				1FFA589925EE9B2600B512D9 /* ViewController.swift in Sources */,
				1FFA589525EE9B2600B512D9 /* AppDelegate.swift in Sources */,
				1FFA589725EE9B2600B512D9 /* SceneDelegate.swift in Sources */,
			);
			runOnlyForDeploymentPostprocessing = 0;
		};
		1FFA58A325EE9B2A00B512D9 /* Sources */ = {
			isa = PBXSourcesBuildPhase;
			buildActionMask = 2147483647;
			files = (
				1FFA58AC25EE9B2A00B512D9 /* simple_notes_appTests.swift in Sources */,
			);
			runOnlyForDeploymentPostprocessing = 0;
		};
		1FFA58AE25EE9B2A00B512D9 /* Sources */ = {
			isa = PBXSourcesBuildPhase;
			buildActionMask = 2147483647;
			files = (
				1FFA58B725EE9B2A00B512D9 /* simple_notes_appUITests.swift in Sources */,
			);
			runOnlyForDeploymentPostprocessing = 0;
		};
/* End PBXSourcesBuildPhase section */

/* Begin PBXTargetDependency section */
		1FFA58A925EE9B2A00B512D9 /* PBXTargetDependency */ = {
			isa = PBXTargetDependency;
			target = 1FFA589025EE9B2600B512D9 /* simple_notes_app */;
			targetProxy = 1FFA58A825EE9B2A00B512D9 /* PBXContainerItemProxy */;
		};
		1FFA58B425EE9B2A00B512D9 /* PBXTargetDependency */ = {
			isa = PBXTargetDependency;
			target = 1FFA589025EE9B2600B512D9 /* simple_notes_app */;
			targetProxy = 1FFA58B325EE9B2A00B512D9 /* PBXContainerItemProxy */;
		};
/* End PBXTargetDependency section */

/* Begin PBXVariantGroup section */
		1FFA589A25EE9B2600B512D9 /* Main.storyboard */ = {
			isa = PBXVariantGroup;
			children = (
				1FFA589B25EE9B2600B512D9 /* Base */,
			);
			name = Main.storyboard;
			sourceTree = "<group>";
		};
		1FFA589F25EE9B2900B512D9 /* LaunchScreen.storyboard */ = {
			isa = PBXVariantGroup;
			children = (
				1FFA58A025EE9B2900B512D9 /* Base */,
			);
			name = LaunchScreen.storyboard;
			sourceTree = "<group>";
		};
/* End PBXVariantGroup section */

/* Begin XCBuildConfiguration section */
		1FFA58B925EE9B2A00B512D9 /* Debug */ = {
			isa = XCBuildConfiguration;
			buildSettings = {
				ALWAYS_SEARCH_USER_PATHS = NO;
				CLANG_ANALYZER_NONNULL = YES;
				CLANG_ANALYZER_NUMBER_OBJECT_CONVERSION = YES_AGGRESSIVE;
				CLANG_CXX_LANGUAGE_STANDARD = "gnu++14";
				CLANG_CXX_LIBRARY = "libc++";
				CLANG_ENABLE_MODULES = YES;
				CLANG_ENABLE_OBJC_ARC = YES;
				CLANG_ENABLE_OBJC_WEAK = YES;
				CLANG_WARN_BLOCK_CAPTURE_AUTORELEASING = YES;
				CLANG_WARN_BOOL_CONVERSION = YES;
				CLANG_WARN_COMMA = YES;
				CLANG_WARN_CONSTANT_CONVERSION = YES;
				CLANG_WARN_DEPRECATED_OBJC_IMPLEMENTATIONS = YES;
				CLANG_WARN_DIRECT_OBJC_ISA_USAGE = YES_ERROR;
				CLANG_WARN_DOCUMENTATION_COMMENTS = YES;
				CLANG_WARN_EMPTY_BODY = YES;
				CLANG_WARN_ENUM_CONVERSION = YES;
				CLANG_WARN_INFINITE_RECURSION = YES;
				CLANG_WARN_INT_CONVERSION = YES;
				CLANG_WARN_NON_LITERAL_NULL_CONVERSION = YES;
				CLANG_WARN_OBJC_IMPLICIT_RETAIN_SELF = YES;
				CLANG_WARN_OBJC_LITERAL_CONVERSION = YES;
				CLANG_WARN_OBJC_ROOT_CLASS = YES_ERROR;
				CLANG_WARN_QUOTED_INCLUDE_IN_FRAMEWORK_HEADER = YES;
				CLANG_WARN_RANGE_LOOP_ANALYSIS = YES;
				CLANG_WARN_STRICT_PROTOTYPES = YES;
				CLANG_WARN_SUSPICIOUS_MOVE = YES;
				CLANG_WARN_UNGUARDED_AVAILABILITY = YES_AGGRESSIVE;
				CLANG_WARN_UNREACHABLE_CODE = YES;
				CLANG_WARN__DUPLICATE_METHOD_MATCH = YES;
				COPY_PHASE_STRIP = NO;
				DEBUG_INFORMATION_FORMAT = dwarf;
				ENABLE_STRICT_OBJC_MSGSEND = YES;
				ENABLE_TESTABILITY = YES;
				GCC_C_LANGUAGE_STANDARD = gnu11;
				GCC_DYNAMIC_NO_PIC = NO;
				GCC_NO_COMMON_BLOCKS = YES;
				GCC_OPTIMIZATION_LEVEL = 0;
				GCC_PREPROCESSOR_DEFINITIONS = (
					"DEBUG=1",
					"$(inherited)",
				);
				GCC_WARN_64_TO_32_BIT_CONVERSION = YES;
				GCC_WARN_ABOUT_RETURN_TYPE = YES_ERROR;
				GCC_WARN_UNDECLARED_SELECTOR = YES;
				GCC_WARN_UNINITIALIZED_AUTOS = YES_AGGRESSIVE;
				GCC_WARN_UNUSED_FUNCTION = YES;
				GCC_WARN_UNUSED_VARIABLE = YES;
				IPHONEOS_DEPLOYMENT_TARGET = 14.4;
				MTL_ENABLE_DEBUG_INFO = INCLUDE_SOURCE;
				MTL_FAST_MATH = YES;
				ONLY_ACTIVE_ARCH = YES;
				SDKROOT = iphoneos;
				SWIFT_ACTIVE_COMPILATION_CONDITIONS = DEBUG;
				SWIFT_OPTIMIZATION_LEVEL = "-Onone";
			};
			name = Debug;
		};
		1FFA58BA25EE9B2A00B512D9 /* Release */ = {
			isa = XCBuildConfiguration;
			buildSettings = {
				ALWAYS_SEARCH_USER_PATHS = NO;
				CLANG_ANALYZER_NONNULL = YES;
				CLANG_ANALYZER_NUMBER_OBJECT_CONVERSION = YES_AGGRESSIVE;
				CLANG_CXX_LANGUAGE_STANDARD = "gnu++14";
				CLANG_CXX_LIBRARY = "libc++";
				CLANG_ENABLE_MODULES = YES;
				CLANG_ENABLE_OBJC_ARC = YES;
				CLANG_ENABLE_OBJC_WEAK = YES;
				CLANG_WARN_BLOCK_CAPTURE_AUTORELEASING = YES;
				CLANG_WARN_BOOL_CONVERSION = YES;
				CLANG_WARN_COMMA = YES;
				CLANG_WARN_CONSTANT_CONVERSION = YES;
				CLANG_WARN_DEPRECATED_OBJC_IMPLEMENTATIONS = YES;
				CLANG_WARN_DIRECT_OBJC_ISA_USAGE = YES_ERROR;
				CLANG_WARN_DOCUMENTATION_COMMENTS = YES;
				CLANG_WARN_EMPTY_BODY = YES;
				CLANG_WARN_ENUM_CONVERSION = YES;
				CLANG_WARN_INFINITE_RECURSION = YES;
				CLANG_WARN_INT_CONVERSION = YES;
				CLANG_WARN_NON_LITERAL_NULL_CONVERSION = YES;
				CLANG_WARN_OBJC_IMPLICIT_RETAIN_SELF = YES;
				CLANG_WARN_OBJC_LITERAL_CONVERSION = YES;
				CLANG_WARN_OBJC_ROOT_CLASS = YES_ERROR;
				CLANG_WARN_QUOTED_INCLUDE_IN_FRAMEWORK_HEADER = YES;
				CLANG_WARN_RANGE_LOOP_ANALYSIS = YES;
				CLANG_WARN_STRICT_PROTOTYPES = YES;
				CLANG_WARN_SUSPICIOUS_MOVE = YES;
				CLANG_WARN_UNGUARDED_AVAILABILITY = YES_AGGRESSIVE;
				CLANG_WARN_UNREACHABLE_CODE = YES;
				CLANG_WARN__DUPLICATE_METHOD_MATCH = YES;
				COPY_PHASE_STRIP = NO;
				DEBUG_INFORMATION_FORMAT = "dwarf-with-dsym";
				ENABLE_NS_ASSERTIONS = NO;
				ENABLE_STRICT_OBJC_MSGSEND = YES;
				GCC_C_LANGUAGE_STANDARD = gnu11;
				GCC_NO_COMMON_BLOCKS = YES;
				GCC_WARN_64_TO_32_BIT_CONVERSION = YES;
				GCC_WARN_ABOUT_RETURN_TYPE = YES_ERROR;
				GCC_WARN_UNDECLARED_SELECTOR = YES;
				GCC_WARN_UNINITIALIZED_AUTOS = YES_AGGRESSIVE;
				GCC_WARN_UNUSED_FUNCTION = YES;
				GCC_WARN_UNUSED_VARIABLE = YES;
				IPHONEOS_DEPLOYMENT_TARGET = 14.4;
				MTL_ENABLE_DEBUG_INFO = NO;
				MTL_FAST_MATH = YES;
				SDKROOT = iphoneos;
				SWIFT_COMPILATION_MODE = wholemodule;
				SWIFT_OPTIMIZATION_LEVEL = "-O";
				VALIDATE_PRODUCT = YES;
			};
			name = Release;
		};
		1FFA58BC25EE9B2A00B512D9 /* Debug */ = {
			isa = XCBuildConfiguration;
			buildSettings = {
				ASSETCATALOG_COMPILER_APPICON_NAME = AppIcon;
				ASSETCATALOG_COMPILER_GLOBAL_ACCENT_COLOR_NAME = AccentColor;
				CODE_SIGN_STYLE = Automatic;
				INFOPLIST_FILE = simple_notes_app/Info.plist;
				LD_RUNPATH_SEARCH_PATHS = (
					"$(inherited)",
					"@executable_path/Frameworks",
				);
				PRODUCT_BUNDLE_IDENTIFIER = "Study-project.simple-notes-app";
				PRODUCT_NAME = "$(TARGET_NAME)";
				SWIFT_VERSION = 5.0;
				TARGETED_DEVICE_FAMILY = 1;
			};
			name = Debug;
		};
		1FFA58BD25EE9B2A00B512D9 /* Release */ = {
			isa = XCBuildConfiguration;
			buildSettings = {
				ASSETCATALOG_COMPILER_APPICON_NAME = AppIcon;
				ASSETCATALOG_COMPILER_GLOBAL_ACCENT_COLOR_NAME = AccentColor;
				CODE_SIGN_STYLE = Automatic;
				INFOPLIST_FILE = simple_notes_app/Info.plist;
				LD_RUNPATH_SEARCH_PATHS = (
					"$(inherited)",
					"@executable_path/Frameworks",
				);
				PRODUCT_BUNDLE_IDENTIFIER = "Study-project.simple-notes-app";
				PRODUCT_NAME = "$(TARGET_NAME)";
				SWIFT_VERSION = 5.0;
				TARGETED_DEVICE_FAMILY = 1;
			};
			name = Release;
		};
		1FFA58BF25EE9B2A00B512D9 /* Debug */ = {
			isa = XCBuildConfiguration;
			buildSettings = {
				ALWAYS_EMBED_SWIFT_STANDARD_LIBRARIES = YES;
				BUNDLE_LOADER = "$(TEST_HOST)";
				CODE_SIGN_STYLE = Automatic;
				INFOPLIST_FILE = simple_notes_appTests/Info.plist;
				IPHONEOS_DEPLOYMENT_TARGET = 14.4;
				LD_RUNPATH_SEARCH_PATHS = (
					"$(inherited)",
					"@executable_path/Frameworks",
					"@loader_path/Frameworks",
				);
				PRODUCT_BUNDLE_IDENTIFIER = "Study-project.simple-notes-appTests";
				PRODUCT_NAME = "$(TARGET_NAME)";
				SWIFT_VERSION = 5.0;
				TARGETED_DEVICE_FAMILY = "1,2";
				TEST_HOST = "$(BUILT_PRODUCTS_DIR)/simple_notes_app.app/simple_notes_app";
			};
			name = Debug;
		};
		1FFA58C025EE9B2A00B512D9 /* Release */ = {
			isa = XCBuildConfiguration;
			buildSettings = {
				ALWAYS_EMBED_SWIFT_STANDARD_LIBRARIES = YES;
				BUNDLE_LOADER = "$(TEST_HOST)";
				CODE_SIGN_STYLE = Automatic;
				INFOPLIST_FILE = simple_notes_appTests/Info.plist;
				IPHONEOS_DEPLOYMENT_TARGET = 14.4;
				LD_RUNPATH_SEARCH_PATHS = (
					"$(inherited)",
					"@executable_path/Frameworks",
					"@loader_path/Frameworks",
				);
				PRODUCT_BUNDLE_IDENTIFIER = "Study-project.simple-notes-appTests";
				PRODUCT_NAME = "$(TARGET_NAME)";
				SWIFT_VERSION = 5.0;
				TARGETED_DEVICE_FAMILY = "1,2";
				TEST_HOST = "$(BUILT_PRODUCTS_DIR)/simple_notes_app.app/simple_notes_app";
			};
			name = Release;
		};
		1FFA58C225EE9B2A00B512D9 /* Debug */ = {
			isa = XCBuildConfiguration;
			buildSettings = {
				ALWAYS_EMBED_SWIFT_STANDARD_LIBRARIES = YES;
				CODE_SIGN_STYLE = Automatic;
				INFOPLIST_FILE = simple_notes_appUITests/Info.plist;
				LD_RUNPATH_SEARCH_PATHS = (
					"$(inherited)",
					"@executable_path/Frameworks",
					"@loader_path/Frameworks",
				);
				PRODUCT_BUNDLE_IDENTIFIER = "Study-project.simple-notes-appUITests";
				PRODUCT_NAME = "$(TARGET_NAME)";
				SWIFT_VERSION = 5.0;
				TARGETED_DEVICE_FAMILY = "1,2";
				TEST_TARGET_NAME = simple_notes_app;
			};
			name = Debug;
		};
		1FFA58C325EE9B2A00B512D9 /* Release */ = {
			isa = XCBuildConfiguration;
			buildSettings = {
				ALWAYS_EMBED_SWIFT_STANDARD_LIBRARIES = YES;
				CODE_SIGN_STYLE = Automatic;
				INFOPLIST_FILE = simple_notes_appUITests/Info.plist;
				LD_RUNPATH_SEARCH_PATHS = (
					"$(inherited)",
					"@executable_path/Frameworks",
					"@loader_path/Frameworks",
				);
				PRODUCT_BUNDLE_IDENTIFIER = "Study-project.simple-notes-appUITests";
				PRODUCT_NAME = "$(TARGET_NAME)";
				SWIFT_VERSION = 5.0;
				TARGETED_DEVICE_FAMILY = "1,2";
				TEST_TARGET_NAME = simple_notes_app;
			};
			name = Release;
		};
/* End XCBuildConfiguration section */

/* Begin XCConfigurationList section */
		1FFA588C25EE9B2600B512D9 /* Build configuration list for PBXProject "simple_notes_app" */ = {
			isa = XCConfigurationList;
			buildConfigurations = (
				1FFA58B925EE9B2A00B512D9 /* Debug */,
				1FFA58BA25EE9B2A00B512D9 /* Release */,
			);
			defaultConfigurationIsVisible = 0;
			defaultConfigurationName = Release;
		};
		1FFA58BB25EE9B2A00B512D9 /* Build configuration list for PBXNativeTarget "simple_notes_app" */ = {
			isa = XCConfigurationList;
			buildConfigurations = (
				1FFA58BC25EE9B2A00B512D9 /* Debug */,
				1FFA58BD25EE9B2A00B512D9 /* Release */,
			);
			defaultConfigurationIsVisible = 0;
			defaultConfigurationName = Release;
		};
		1FFA58BE25EE9B2A00B512D9 /* Build configuration list for PBXNativeTarget "simple_notes_appTests" */ = {
			isa = XCConfigurationList;
			buildConfigurations = (
				1FFA58BF25EE9B2A00B512D9 /* Debug */,
				1FFA58C025EE9B2A00B512D9 /* Release */,
			);
			defaultConfigurationIsVisible = 0;
			defaultConfigurationName = Release;
		};
		1FFA58C125EE9B2A00B512D9 /* Build configuration list for PBXNativeTarget "simple_notes_appUITests" */ = {
			isa = XCConfigurationList;
			buildConfigurations = (
				1FFA58C225EE9B2A00B512D9 /* Debug */,
				1FFA58C325EE9B2A00B512D9 /* Release */,
			);
			defaultConfigurationIsVisible = 0;
			defaultConfigurationName = Release;
		};
/* End XCConfigurationList section */
	};
	rootObject = 1FFA588925EE9B2600B512D9 /* Project object */;
}
